
Microsoft Visual Studio Solution File, Format Version 12.00
# Visual Studio Version 17
VisualStudioVersion = 17.3.32811.315
MinimumVisualStudioVersion = 10.0.40219.1
Project("{9A19103F-16F7-4668-BE54-9A1E7A4F7556}") = "SamoleAPI", "SamoleAPI.csproj", "{624BD393-F947-431F-B4E6-EA4C11A35AB4}"
EndProject
Project("{FAE04EC0-301F-11D3-BF4B-00C04F79EFBC}") = "SamoleAPI.Tests", "..\SamoleAPI.Tests\SamoleAPI.Tests.csproj", "{A1620EFA-D8FD-45B8-BED4-56AB7095351A}"
EndProject
Global
	GlobalSection(SolutionConfigurationPlatforms) = preSolution
		Debug|Any CPU = Debug|Any CPU
		Release|Any CPU = Release|Any CPU
	EndGlobalSection
	GlobalSection(ProjectConfigurationPlatforms) = postSolution
		{624BD393-F947-431F-B4E6-EA4C11A35AB4}.Debug|Any CPU.ActiveCfg = Debug|Any CPU
		{624BD393-F947-431F-B4E6-EA4C11A35AB4}.Debug|Any CPU.Build.0 = Debug|Any CPU
		{624BD393-F947-431F-B4E6-EA4C11A35AB4}.Release|Any CPU.ActiveCfg = Release|Any CPU
		{624BD393-F947-431F-B4E6-EA4C11A35AB4}.Release|Any CPU.Build.0 = Release|Any CPU
		{A1620EFA-D8FD-45B8-BED4-56AB7095351A}.Debug|Any CPU.ActiveCfg = Debug|Any CPU
		{A1620EFA-D8FD-45B8-BED4-56AB7095351A}.Debug|Any CPU.Build.0 = Debug|Any CPU
		{A1620EFA-D8FD-45B8-BED4-56AB7095351A}.Release|Any CPU.ActiveCfg = Release|Any CPU
		{A1620EFA-D8FD-45B8-BED4-56AB7095351A}.Release|Any CPU.Build.0 = Release|Any CPU
	EndGlobalSection
	GlobalSection(SolutionProperties) = preSolution
		HideSolutionNode = FALSE
	EndGlobalSection
	GlobalSection(ExtensibilityGlobals) = postSolution
		SolutionGuid = {E0FD2E78-B377-42D1-AC77-9695680A76FC}
	EndGlobalSection
EndGlobal
